
Microsoft Visual Studio Solution File, Format Version 12.00
# Visual Studio 15
VisualStudioVersion = 15.0.27004.2008
MinimumVisualStudioVersion = 10.0.40219.1
Project("{9A19103F-16F7-4668-BE54-9A1E7A4F7556}") = "ReleaseNews.Service", "ReleaseNews.Service\ReleaseNews.Service.csproj", "{4F56F0FD-FBEB-4ABC-90B2-8850457B2FEA}"
EndProject
Project("{9A19103F-16F7-4668-BE54-9A1E7A4F7556}") = "ReleaseNews.Web", "ReleaseNews.Web\ReleaseNews.Web.csproj", "{4B55D51A-3B58-4642-A0FB-6170039B0932}"
EndProject
Project("{9A19103F-16F7-4668-BE54-9A1E7A4F7556}") = "ReleaseNews.Models", "ReleaseNews.Models\ReleaseNews.Models.csproj", "{9C0D141A-3EDA-4983-A3B6-4D2E4DBF9EB8}"
EndProject
Project("{9A19103F-16F7-4668-BE54-9A1E7A4F7556}") = "ReleaseNews.Utility", "ReleaseNews.Utility\ReleaseNews.Utility.csproj", "{B54EF109-7ED7-4C9A-B62E-8EB9DC0B1CF9}"
EndProject
Global
	GlobalSection(SolutionConfigurationPlatforms) = preSolution
		Debug|Any CPU = Debug|Any CPU
		Release|Any CPU = Release|Any CPU
	EndGlobalSection
	GlobalSection(ProjectConfigurationPlatforms) = postSolution
		{4F56F0FD-FBEB-4ABC-90B2-8850457B2FEA}.Debug|Any CPU.ActiveCfg = Debug|Any CPU
		{4F56F0FD-FBEB-4ABC-90B2-8850457B2FEA}.Debug|Any CPU.Build.0 = Debug|Any CPU
		{4F56F0FD-FBEB-4ABC-90B2-8850457B2FEA}.Release|Any CPU.ActiveCfg = Release|Any CPU
		{4F56F0FD-FBEB-4ABC-90B2-8850457B2FEA}.Release|Any CPU.Build.0 = Release|Any CPU
		{4B55D51A-3B58-4642-A0FB-6170039B0932}.Debug|Any CPU.ActiveCfg = Debug|Any CPU
		{4B55D51A-3B58-4642-A0FB-6170039B0932}.Debug|Any CPU.Build.0 = Debug|Any CPU
		{4B55D51A-3B58-4642-A0FB-6170039B0932}.Release|Any CPU.ActiveCfg = Release|Any CPU
		{4B55D51A-3B58-4642-A0FB-6170039B0932}.Release|Any CPU.Build.0 = Release|Any CPU
		{9C0D141A-3EDA-4983-A3B6-4D2E4DBF9EB8}.Debug|Any CPU.ActiveCfg = Debug|Any CPU
		{9C0D141A-3EDA-4983-A3B6-4D2E4DBF9EB8}.Debug|Any CPU.Build.0 = Debug|Any CPU
		{9C0D141A-3EDA-4983-A3B6-4D2E4DBF9EB8}.Release|Any CPU.ActiveCfg = Release|Any CPU
		{9C0D141A-3EDA-4983-A3B6-4D2E4DBF9EB8}.Release|Any CPU.Build.0 = Release|Any CPU
		{B54EF109-7ED7-4C9A-B62E-8EB9DC0B1CF9}.Debug|Any CPU.ActiveCfg = Debug|Any CPU
		{B54EF109-7ED7-4C9A-B62E-8EB9DC0B1CF9}.Debug|Any CPU.Build.0 = Debug|Any CPU
		{B54EF109-7ED7-4C9A-B62E-8EB9DC0B1CF9}.Release|Any CPU.ActiveCfg = Release|Any CPU
		{B54EF109-7ED7-4C9A-B62E-8EB9DC0B1CF9}.Release|Any CPU.Build.0 = Release|Any CPU
	EndGlobalSection
	GlobalSection(SolutionProperties) = preSolution
		HideSolutionNode = FALSE
	EndGlobalSection
	GlobalSection(ExtensibilityGlobals) = postSolution
		SolutionGuid = {D7BBFB40-1FEF-4842-AA92-105A33B17979}
	EndGlobalSection
EndGlobal
